github.com/tuxdude/cablemodemutil v0.0.0-20220128054204-23488649776b h1:9dsGplDXG3ZdXqSNkMF13p4u5jOnKygK9XmwDFK1bEI=
github.com/tuxdude/cablemodemutil v0.0.0-20220128054204-23488649776b/go.mod h1:yibz39O2NqPvixCXOmX+YUTRKultdT/agGatN1VZ+eo=
github.com/tuxdude/cablemodemutil v0.0.0-20220129221728-eae8e9081fad h1:1+fqKNJ1pzn2zbkS3mA0gQ8haswTMXfjywYeW1Sgj/k=
github.com/tuxdude/cablemodemutil v0.0.0-20220129221728-eae8e9081fad/go.mod h1:yibz39O2NqPvixCXOmX+YUTRKultdT/agGatN1VZ+eo=
