github.com/tuxdude/cablemodemutil v0.0.0-20220127022651-e0f97f94dc14 h1:6UuoXcjZRXXNbRPFLxxBbIBebeBq8pXtU2V8VGOfuEs=
github.com/tuxdude/cablemodemutil v0.0.0-20220127022651-e0f97f94dc14/go.mod h1:yibz39O2NqPvixCXOmX+YUTRKultdT/agGatN1VZ+eo=
github.com/tuxdude/cablemodemutil v0.0.0-20220127102128-df89afb1875c h1:Z3FIzgab8ltlhAsaM+s3/GSniOUMFiJKTrMhwSJJnw8=
github.com/tuxdude/cablemodemutil v0.0.0-20220127102128-df89afb1875c/go.mod h1:yibz39O2NqPvixCXOmX+YUTRKultdT/agGatN1VZ+eo=
